
Microsoft Visual Studio Solution File, Format Version 12.00
# Visual Studio Version 16
VisualStudioVersion = 16.0.28922.388
MinimumVisualStudioVersion = 10.0.40219.1
Project("{9A19103F-16F7-4668-BE54-9A1E7A4F7556}") = "Airplane-tickets-UA.Data", "Airplane-tickets-UA.Data\Airplane-tickets-UA.Data.csproj", "{A897DED7-3974-41DA-A46C-CAED4FBF47BE}"
EndProject
Project("{9A19103F-16F7-4668-BE54-9A1E7A4F7556}") = "Airplane-tickets-UA.Shared", "Airplane-tickets-UA.Shared\Airplane-tickets-UA.Shared.csproj", "{F8E4DE38-24D9-45D4-BBB4-CB8C48761D6C}"
EndProject
Project("{FAE04EC0-301F-11D3-BF4B-00C04F79EFBC}") = "Airplane-tickets-UA.Worker", "Airplane-tickets-UA.Worker\Airplane-tickets-UA.Worker.csproj", "{B9421F33-CE2D-4632-8673-7A1B65840F03}"
EndProject
Global
	GlobalSection(SolutionConfigurationPlatforms) = preSolution
		Debug|Any CPU = Debug|Any CPU
		Release|Any CPU = Release|Any CPU
	EndGlobalSection
	GlobalSection(ProjectConfigurationPlatforms) = postSolution
		{A897DED7-3974-41DA-A46C-CAED4FBF47BE}.Debug|Any CPU.ActiveCfg = Debug|Any CPU
		{A897DED7-3974-41DA-A46C-CAED4FBF47BE}.Debug|Any CPU.Build.0 = Debug|Any CPU
		{A897DED7-3974-41DA-A46C-CAED4FBF47BE}.Release|Any CPU.ActiveCfg = Release|Any CPU
		{A897DED7-3974-41DA-A46C-CAED4FBF47BE}.Release|Any CPU.Build.0 = Release|Any CPU
		{F8E4DE38-24D9-45D4-BBB4-CB8C48761D6C}.Debug|Any CPU.ActiveCfg = Debug|Any CPU
		{F8E4DE38-24D9-45D4-BBB4-CB8C48761D6C}.Debug|Any CPU.Build.0 = Debug|Any CPU
		{F8E4DE38-24D9-45D4-BBB4-CB8C48761D6C}.Release|Any CPU.ActiveCfg = Release|Any CPU
		{F8E4DE38-24D9-45D4-BBB4-CB8C48761D6C}.Release|Any CPU.Build.0 = Release|Any CPU
		{B9421F33-CE2D-4632-8673-7A1B65840F03}.Debug|Any CPU.ActiveCfg = Debug|Any CPU
		{B9421F33-CE2D-4632-8673-7A1B65840F03}.Debug|Any CPU.Build.0 = Debug|Any CPU
		{B9421F33-CE2D-4632-8673-7A1B65840F03}.Release|Any CPU.ActiveCfg = Release|Any CPU
		{B9421F33-CE2D-4632-8673-7A1B65840F03}.Release|Any CPU.Build.0 = Release|Any CPU
	EndGlobalSection
	GlobalSection(SolutionProperties) = preSolution
		HideSolutionNode = FALSE
	EndGlobalSection
	GlobalSection(ExtensibilityGlobals) = postSolution
		SolutionGuid = {A830AB79-0E94-41DD-A361-5278409BAAB0}
	EndGlobalSection
EndGlobal
